# This file is autogenerated, do not edit; changes may be undone by the next 'dep ensure'.


[[projects]]
  digest = "1:d897a585e6e5184c0f77481128b6262e6db41cc1efc29a78cf1c2a3a0c79e5eb"
  name = "cloud.google.com/go"
  packages = [
    "compute/metadata",
    "iam",
    "internal/optional",
    "internal/version",
    "pubsub",
    "pubsub/apiv1",
    "pubsub/internal/distribution",
  ]
  pruneopts = "UT"
  revision = "be072a5d1d73144ae0ce1071e9bd43d1ad221581"

[[projects]]
  digest = "1:38911275422cf4dfbfb5ef0b0463176dc97facf609bb30882c6a7bf4924a7e64"
  name = "github.com/golang/protobuf"
  packages = [
    "proto",
    "protoc-gen-go/descriptor",
    "ptypes",
    "ptypes/any",
    "ptypes/duration",
    "ptypes/empty",
    "ptypes/timestamp",
  ]
  pruneopts = "UT"
  revision = "925541529c1fa6821df4e44ce2723319eb2be768"
  version = "v1.0.0"

[[projects]]
  digest = "1:51bee9f1987dcdb9f9a1b4c20745d78f6bf6f5f14ad4e64ca883eb64df4c0045"
  name = "github.com/google/go-github"
  packages = ["github"]
  pruneopts = "UT"
  revision = "e48060a28fac52d0f1cb758bc8b87c07bac4a87d"
  version = "v15.0.0"

[[projects]]
  branch = "master"
  digest = "1:a63cff6b5d8b95638bfe300385d93b2a6d9d687734b863da8e09dc834510a690"
  name = "github.com/google/go-querystring"
  packages = ["query"]
  pruneopts = "UT"
  revision = "53e6ce116135b80d037921a7fdd5138cf32d7a8a"

[[projects]]
  digest = "1:e145e9710a10bc114a6d3e2738aadf8de146adaa031854ffdf7bbfe15da85e63"
  name = "github.com/googleapis/gax-go"
  packages = ["."]
  pruneopts = "UT"
  revision = "317e0006254c44a0ac427cc52a0e083ff0b9622f"
  version = "v2.0.0"

[[projects]]
  digest = "1:6221a3a452964b1ff30efdc22209b124d54d04373e5993264d3fa9b13da0659d"
  name = "github.com/namsral/flag"
  packages = ["."]
  pruneopts = "UT"
  revision = "71ceffbeb0ba60fccc853971bb3ed4d7d90bfd04"
  version = "v1.7.4-pre"

[[projects]]
  digest = "1:9e9193aa51197513b3abcb108970d831fbcf40ef96aa845c4f03276e1fa316d2"
  name = "github.com/sirupsen/logrus"
  packages = ["."]
  pruneopts = "UT"
  revision = "c155da19408a8799da419ed3eeb0cb5db0ad5dbc"
  version = "v1.0.5"

[[projects]]
  digest = "1:2be21adc90a5e8f022eadcd8b3870d36cd227b21525ce192122024ab654de7dd"
  name = "go.opencensus.io"
  packages = [
    "exporter/stackdriver/propagation",
    "internal",
    "internal/tagencoding",
    "plugin/ocgrpc",
    "plugin/ochttp",
    "plugin/ochttp/propagation/b3",
    "stats",
    "stats/internal",
    "stats/view",
    "tag",
    "trace",
    "trace/propagation",
  ]
  pruneopts = "UT"
  revision = "983446b8dae3871316dc8610f7aa61e160b50b31"
  version = "v0.5.0"

[[projects]]
  branch = "master"
  digest = "1:3f3a05ae0b95893d90b9b3b5afdb79a9b3d96e4e36e099d841ae602e4aca0da8"
  name = "golang.org/x/crypto"
  packages = ["ssh/terminal"]
  pruneopts = "UT"
  revision = "80db560fac1fb3e6ac81dbc7f8ae4c061f5257bd"

[[projects]]
  branch = "master"
  digest = "1:add8951856cc9e74cf8f5a4cd1fee302a43cfd5507dcc48926aa98e309606afb"
  name = "golang.org/x/net"
  packages = [
    "context",
    "context/ctxhttp",
    "http2",
    "http2/hpack",
    "idna",
    "internal/timeseries",
    "lex/httplex",
    "trace",
  ]
  pruneopts = "UT"
  revision = "6078986fec03a1dcc236c34816c71b0e05018fda"

[[projects]]
  branch = "master"
  digest = "1:ebd1cbae71a7c8d04a6494cd980da498e1ea5b762a96980c87d783ab017d9104"
  name = "golang.org/x/oauth2"
  packages = [
    ".",
    "google",
    "internal",
    "jws",
    "jwt",
  ]
  pruneopts = "UT"
  revision = "fdc9e635145ae97e6c2cb777c48305600cf515cb"

[[projects]]
  branch = "master"
  digest = "1:0b73dbdde5ae9a32872a44fc939182d1e6990ba7447e637896fb6b9d47659b5e"
  name = "golang.org/x/sync"
  packages = [
    "errgroup",
    "semaphore",
  ]
  pruneopts = "UT"
  revision = "1d60e4601c6fd243af51cc01ddf169918a5407ca"

[[projects]]
  branch = "master"
  digest = "1:b7cd25c8e60a93cf0f1a4c9697fba1d1858020e4e291c61fa1e5752c2c3d16ef"
  name = "golang.org/x/sys"
  packages = [
    "unix",
    "windows",
  ]
  pruneopts = "UT"
  revision = "7ceb54c8418b8f9cdf0177b511d5cbb06e9fae39"

[[projects]]
  digest = "1:7509ba4347d1f8de6ae9be8818b0cd1abc3deeffe28aeaf4be6d4b6b5178d9ca"
  name = "golang.org/x/text"
  packages = [
    "collate",
    "collate/build",
    "internal/colltab",
    "internal/gen",
    "internal/tag",
    "internal/triegen",
    "internal/ucd",
    "language",
    "secure/bidirule",
    "transform",
    "unicode/bidi",
    "unicode/cldr",
    "unicode/norm",
    "unicode/rangetable",
  ]
  pruneopts = "UT"
  revision = "f21a4dfb5e38f5895301dc265a8def02365cc3d0"
  version = "v0.3.0"

[[projects]]
  branch = "master"
  digest = "1:823fcee04e50e6f2ae25ee9bcebb94633e59072d66b98b156e6883f4299b5d7d"
  name = "google.golang.org/api"
  packages = [
    "googleapi/transport",
    "internal",
    "iterator",
    "option",
    "support/bundler",
    "transport",
    "transport/grpc",
    "transport/http",
  ]
  pruneopts = "UT"
  revision = "24928b980e6919be4c72647aacd53ebcbb8c4bab"

[[projects]]
  digest = "1:29cab96ab7d3e167e5cb0e3a5f39834a5ed408b05fb94cc90f88a354318039b7"
  name = "google.golang.org/appengine"
  packages = [
    ".",
    "internal",
    "internal/app_identity",
    "internal/base",
    "internal/datastore",
    "internal/log",
    "internal/modules",
    "internal/remote_api",
    "internal/socket",
    "internal/urlfetch",
    "socket",
    "urlfetch",
  ]
  pruneopts = "UT"
  revision = "150dc57a1b433e64154302bdc40b6bb8aefa313a"
  version = "v1.0.0"

[[projects]]
  branch = "master"
  digest = "1:3867782e3843b246a4645f79c5a83d5ec932ecc67ad6cfa2051f61bacdaf0a13"
  name = "google.golang.org/genproto"
  packages = [
    "googleapis/api/annotations",
    "googleapis/iam/v1",
    "googleapis/pubsub/v1",
    "googleapis/rpc/status",
    "protobuf/field_mask",
  ]
  pruneopts = "UT"
  revision = "f8c8703595236ae70fdf8789ecb656ea0bcdcf46"

[[projects]]
  digest = "1:7367cd97ed9c3863f1becbc9cfaafa5c1cf62d0e56203a9a13a7a9e0c2404f73"
  name = "google.golang.org/grpc"
  packages = [
    ".",
    "balancer",
    "balancer/base",
    "balancer/roundrobin",
    "codes",
    "connectivity",
    "credentials",
    "credentials/oauth",
    "encoding",
    "encoding/proto",
    "grpclb/grpc_lb_v1/messages",
    "grpclog",
    "internal",
    "keepalive",
    "metadata",
    "naming",
    "peer",
    "resolver",
    "resolver/dns",
    "resolver/passthrough",
    "stats",
    "status",
    "tap",
    "transport",
  ]
  pruneopts = "UT"
  revision = "8e4536a86ab602859c20df5ebfd0bd4228d08655"
  version = "v1.10.0"

[solve-meta]
  analyzer-name = "dep"
  analyzer-version = 1
  input-imports = [
    "cloud.google.com/go/pubsub",
    "github.com/google/go-github/github",
    "github.com/namsral/flag",
    "github.com/sirupsen/logrus",
    "golang.org/x/net/context",
    "golang.org/x/oauth2",
    "google.golang.org/grpc/codes",
    "google.golang.org/grpc/status",
  ]
  solver-name = "gps-cdcl"
  solver-version = 1
